# Exact build and installed-smoke wheels used by the R6 release workflow.
# Regenerate deliberately when the build backend or CPython 3.12 NumPy pin
# changes. The NumPy hashes cover the three selected wheel platforms.
scikit-build-core==1.0.3 \
    --hash=sha256:ae95427b7d3c14a6cf8bbfd4d901f6138ab64c99e20cbe8ea7d75cd26093f085
nanobind==2.13.0 \
    --hash=sha256:9268d7201eaf5519ae61b7a83175f2af77088cb4b99dd3ce5b00550f697da7b7
packaging==26.2 \
    --hash=sha256:5fc45236b9446107ff2415ce77c807cee2862cb6fac22b8a73826d0693b0980e
pathspec==1.1.1 \
    --hash=sha256:a00ce642f577bf7f473932318056212bc4f8bfdf53128c78bbd5af0b9b20b189
numpy==2.2.6 \
    --hash=sha256:fd83c01228a688733f1ded5201c678f0c53ecc1006ffbc404db9f7a899ac6249 \
    --hash=sha256:de749064336d37e340f640b05f24e9e3dd678c57318c7289d222a8a2f543e90c \
    --hash=sha256:c1f9540be57940698ed329904db803cf7a402f3fc200bfe599334c9bd84a40b2
